
Microsoft Visual Studio Solution File, Format Version 12.00
# Visual Studio 2013
VisualStudioVersion = 12.0.30723.0
MinimumVisualStudioVersion = 10.0.40219.1
Project("{FAE04EC0-301F-11D3-BF4B-00C04F79EFBC}") = "SmartParking", "SmartParking\SmartParking.csproj", "{7279D914-7983-4934-A0C0-0B603F644665}"
EndProject
Project("{2150E333-8FDC-42A3-9474-1A3956D46DE8}") = ".nuget", ".nuget", "{ECB7332B-49CD-49DF-8CA7-5F5BEB8EE88D}"
	ProjectSection(SolutionItems) = preProject
		.nuget\NuGet.Config = .nuget\NuGet.Config
		.nuget\NuGet.exe = .nuget\NuGet.exe
		.nuget\NuGet.targets = .nuget\NuGet.targets
	EndProjectSection
EndProject
Global
	GlobalSection(SolutionConfigurationPlatforms) = preSolution
		Debug|Any CPU = Debug|Any CPU
		Debug|ARM = Debug|ARM
		Debug|x86 = Debug|x86
		Release|Any CPU = Release|Any CPU
		Release|ARM = Release|ARM
		Release|x86 = Release|x86
	EndGlobalSection
	GlobalSection(ProjectConfigurationPlatforms) = postSolution
		{7279D914-7983-4934-A0C0-0B603F644665}.Debug|Any CPU.ActiveCfg = Debug|ARM
		{7279D914-7983-4934-A0C0-0B603F644665}.Debug|Any CPU.Build.0 = Debug|ARM
		{7279D914-7983-4934-A0C0-0B603F644665}.Debug|Any CPU.Deploy.0 = Debug|ARM
		{7279D914-7983-4934-A0C0-0B603F644665}.Debug|ARM.ActiveCfg = Debug|ARM
		{7279D914-7983-4934-A0C0-0B603F644665}.Debug|ARM.Build.0 = Debug|ARM
		{7279D914-7983-4934-A0C0-0B603F644665}.Debug|ARM.Deploy.0 = Debug|ARM
		{7279D914-7983-4934-A0C0-0B603F644665}.Debug|x86.ActiveCfg = Debug|x86
		{7279D914-7983-4934-A0C0-0B603F644665}.Debug|x86.Build.0 = Debug|x86
		{7279D914-7983-4934-A0C0-0B603F644665}.Debug|x86.Deploy.0 = Debug|x86
		{7279D914-7983-4934-A0C0-0B603F644665}.Release|Any CPU.ActiveCfg = Release|ARM
		{7279D914-7983-4934-A0C0-0B603F644665}.Release|Any CPU.Build.0 = Release|ARM
		{7279D914-7983-4934-A0C0-0B603F644665}.Release|Any CPU.Deploy.0 = Release|ARM
		{7279D914-7983-4934-A0C0-0B603F644665}.Release|ARM.ActiveCfg = Release|ARM
		{7279D914-7983-4934-A0C0-0B603F644665}.Release|ARM.Build.0 = Release|ARM
		{7279D914-7983-4934-A0C0-0B603F644665}.Release|ARM.Deploy.0 = Release|ARM
		{7279D914-7983-4934-A0C0-0B603F644665}.Release|x86.ActiveCfg = Release|x86
		{7279D914-7983-4934-A0C0-0B603F644665}.Release|x86.Build.0 = Release|x86
		{7279D914-7983-4934-A0C0-0B603F644665}.Release|x86.Deploy.0 = Release|x86
	EndGlobalSection
	GlobalSection(SolutionProperties) = preSolution
		HideSolutionNode = FALSE
	EndGlobalSection
EndGlobal
